
Microsoft Visual Studio Solution File, Format Version 12.00
# Visual Studio Version 17
VisualStudioVersion = 17.5.33424.131
MinimumVisualStudioVersion = 10.0.40219.1
Project("{FAE04EC0-301F-11D3-BF4B-00C04F79EFBC}") = "v0511", "v0511\v0511.csproj", "{B00EC153-B1EA-483A-9EED-AE56AB562E3B}"
EndProject
Global
	GlobalSection(SolutionConfigurationPlatforms) = preSolution
		Debug|Any CPU = Debug|Any CPU
		Release|Any CPU = Release|Any CPU
	EndGlobalSection
	GlobalSection(ProjectConfigurationPlatforms) = postSolution
		{B00EC153-B1EA-483A-9EED-AE56AB562E3B}.Debug|Any CPU.ActiveCfg = Debug|Any CPU
		{B00EC153-B1EA-483A-9EED-AE56AB562E3B}.Debug|Any CPU.Build.0 = Debug|Any CPU
		{B00EC153-B1EA-483A-9EED-AE56AB562E3B}.Release|Any CPU.ActiveCfg = Release|Any CPU
		{B00EC153-B1EA-483A-9EED-AE56AB562E3B}.Release|Any CPU.Build.0 = Release|Any CPU
	EndGlobalSection
	GlobalSection(SolutionProperties) = preSolution
		HideSolutionNode = FALSE
	EndGlobalSection
	GlobalSection(ExtensibilityGlobals) = postSolution
		SolutionGuid = {25B8098E-371F-4AB5-8014-C05E43802CE1}
	EndGlobalSection
EndGlobal
